# THIS IS AN AUTOGENERATED FILE. DO NOT EDIT THIS FILE DIRECTLY.
# yarn lockfile v1


kleur@^2.0.1:
  version "2.0.1"
  resolved "https://registry.yarnpkg.com/kleur/-/kleur-2.0.1.tgz#7cc64b0d188d0dcbc98bdcdfdda2cc10619ddce8"

mri@^1.1.1:
  version "1.1.1"
  resolved "https://registry.yarnpkg.com/mri/-/mri-1.1.1.tgz#85aa26d3daeeeedf80dc5984af95cc5ca5cad9f1"

npm-logical-tree@^1.2.1:
  version "1.2.1"
  resolved "https://registry.yarnpkg.com/npm-logical-tree/-/npm-logical-tree-1.2.1.tgz#44610141ca24664cad35d1e607176193fd8f5b88"

npm-why@1.1.5:
  version "1.1.5"
  resolved "https://registry.yarnpkg.com/npm-why/-/npm-why-1.1.5.tgz#37b2e4e08fa5c6d0e0b4a7018295cdf4704d171c"
  dependencies:
    kleur "^2.0.1"
    mri "^1.1.1"
    npm-logical-tree "^1.2.1"
